
Microsoft Visual Studio Solution File, Format Version 12.00
# Visual Studio Version 16
VisualStudioVersion = 16.0.28803.156
MinimumVisualStudioVersion = 10.0.40219.1
Project("{FAE04EC0-301F-11D3-BF4B-00C04F79EFBC}") = "输入法正在输入", "输入法正在输入\输入法正在输入.csproj", "{880403DF-2E7B-4FAD-B593-5163943C9E70}"
EndProject
Project("{FAE04EC0-301F-11D3-BF4B-00C04F79EFBC}") = "切换输入法", "切换输入法\切换输入法.csproj", "{CF2DFFE3-219B-43DC-BF3A-D1C240456B83}"
EndProject
Project("{FAE04EC0-301F-11D3-BF4B-00C04F79EFBC}") = "破解爬虫防护", "破解爬虫防护\破解爬虫防护.csproj", "{7197D1BD-D84B-4CEE-80FF-95150B03E838}"
EndProject
Project("{FAE04EC0-301F-11D3-BF4B-00C04F79EFBC}") = "数据验证", "数据验证\数据验证.csproj", "{A3D31972-0189-4923-9C1D-342D7A618FA1}"
EndProject
Project("{FAE04EC0-301F-11D3-BF4B-00C04F79EFBC}") = "xaml编译错误", "xaml编译错误\xaml编译错误.csproj", "{8C5EF99D-76A9-4EFD-95C3-CAC9215B51BF}"
EndProject
Project("{FAE04EC0-301F-11D3-BF4B-00C04F79EFBC}") = "依赖属性更改事件", "依赖属性更改事件\依赖属性更改事件.csproj", "{5561EDC3-8366-4760-98DF-B9DDA469D133}"
EndProject
Project("{FAE04EC0-301F-11D3-BF4B-00C04F79EFBC}") = "同时使用多个实体框架", "同时使用多个实体框架\同时使用多个实体框架.csproj", "{BF4458E1-A257-4271-A12C-E1EE64642A9C}"
EndProject
Project("{FAE04EC0-301F-11D3-BF4B-00C04F79EFBC}") = "图标字体", "图标字体\图标字体.csproj", "{2BEC6C40-7B98-4801-94F8-9F2668EA8FD7}"
EndProject
Project("{FAE04EC0-301F-11D3-BF4B-00C04F79EFBC}") = "View和ViewModel分工", "View和ViewModel分工\View和ViewModel分工.csproj", "{16BD91B1-B658-4D32-95E7-57898F15E531}"
EndProject
Project("{FAE04EC0-301F-11D3-BF4B-00C04F79EFBC}") = "TreeView虚拟化跳转", "TreeView虚拟化跳转\TreeView虚拟化跳转.csproj", "{17A3F80F-05F4-46D0-91F3-551D60B722B1}"
EndProject
Global
	GlobalSection(SolutionConfigurationPlatforms) = preSolution
		Debug|Any CPU = Debug|Any CPU
		Release|Any CPU = Release|Any CPU
	EndGlobalSection
	GlobalSection(ProjectConfigurationPlatforms) = postSolution
		{880403DF-2E7B-4FAD-B593-5163943C9E70}.Debug|Any CPU.ActiveCfg = Debug|Any CPU
		{880403DF-2E7B-4FAD-B593-5163943C9E70}.Debug|Any CPU.Build.0 = Debug|Any CPU
		{880403DF-2E7B-4FAD-B593-5163943C9E70}.Release|Any CPU.ActiveCfg = Release|Any CPU
		{880403DF-2E7B-4FAD-B593-5163943C9E70}.Release|Any CPU.Build.0 = Release|Any CPU
		{CF2DFFE3-219B-43DC-BF3A-D1C240456B83}.Debug|Any CPU.ActiveCfg = Debug|Any CPU
		{CF2DFFE3-219B-43DC-BF3A-D1C240456B83}.Debug|Any CPU.Build.0 = Debug|Any CPU
		{CF2DFFE3-219B-43DC-BF3A-D1C240456B83}.Release|Any CPU.ActiveCfg = Release|Any CPU
		{CF2DFFE3-219B-43DC-BF3A-D1C240456B83}.Release|Any CPU.Build.0 = Release|Any CPU
		{7197D1BD-D84B-4CEE-80FF-95150B03E838}.Debug|Any CPU.ActiveCfg = Debug|Any CPU
		{7197D1BD-D84B-4CEE-80FF-95150B03E838}.Debug|Any CPU.Build.0 = Debug|Any CPU
		{7197D1BD-D84B-4CEE-80FF-95150B03E838}.Release|Any CPU.ActiveCfg = Release|Any CPU
		{7197D1BD-D84B-4CEE-80FF-95150B03E838}.Release|Any CPU.Build.0 = Release|Any CPU
		{A3D31972-0189-4923-9C1D-342D7A618FA1}.Debug|Any CPU.ActiveCfg = Debug|Any CPU
		{A3D31972-0189-4923-9C1D-342D7A618FA1}.Debug|Any CPU.Build.0 = Debug|Any CPU
		{A3D31972-0189-4923-9C1D-342D7A618FA1}.Release|Any CPU.ActiveCfg = Release|Any CPU
		{A3D31972-0189-4923-9C1D-342D7A618FA1}.Release|Any CPU.Build.0 = Release|Any CPU
		{8C5EF99D-76A9-4EFD-95C3-CAC9215B51BF}.Debug|Any CPU.ActiveCfg = Debug|Any CPU
		{8C5EF99D-76A9-4EFD-95C3-CAC9215B51BF}.Debug|Any CPU.Build.0 = Debug|Any CPU
		{8C5EF99D-76A9-4EFD-95C3-CAC9215B51BF}.Release|Any CPU.ActiveCfg = Release|Any CPU
		{8C5EF99D-76A9-4EFD-95C3-CAC9215B51BF}.Release|Any CPU.Build.0 = Release|Any CPU
		{5561EDC3-8366-4760-98DF-B9DDA469D133}.Debug|Any CPU.ActiveCfg = Debug|Any CPU
		{5561EDC3-8366-4760-98DF-B9DDA469D133}.Debug|Any CPU.Build.0 = Debug|Any CPU
		{5561EDC3-8366-4760-98DF-B9DDA469D133}.Release|Any CPU.ActiveCfg = Release|Any CPU
		{5561EDC3-8366-4760-98DF-B9DDA469D133}.Release|Any CPU.Build.0 = Release|Any CPU
		{BF4458E1-A257-4271-A12C-E1EE64642A9C}.Debug|Any CPU.ActiveCfg = Debug|Any CPU
		{BF4458E1-A257-4271-A12C-E1EE64642A9C}.Debug|Any CPU.Build.0 = Debug|Any CPU
		{BF4458E1-A257-4271-A12C-E1EE64642A9C}.Release|Any CPU.ActiveCfg = Release|Any CPU
		{BF4458E1-A257-4271-A12C-E1EE64642A9C}.Release|Any CPU.Build.0 = Release|Any CPU
		{2BEC6C40-7B98-4801-94F8-9F2668EA8FD7}.Debug|Any CPU.ActiveCfg = Debug|Any CPU
		{2BEC6C40-7B98-4801-94F8-9F2668EA8FD7}.Debug|Any CPU.Build.0 = Debug|Any CPU
		{2BEC6C40-7B98-4801-94F8-9F2668EA8FD7}.Release|Any CPU.ActiveCfg = Release|Any CPU
		{2BEC6C40-7B98-4801-94F8-9F2668EA8FD7}.Release|Any CPU.Build.0 = Release|Any CPU
		{16BD91B1-B658-4D32-95E7-57898F15E531}.Debug|Any CPU.ActiveCfg = Debug|Any CPU
		{16BD91B1-B658-4D32-95E7-57898F15E531}.Debug|Any CPU.Build.0 = Debug|Any CPU
		{16BD91B1-B658-4D32-95E7-57898F15E531}.Release|Any CPU.ActiveCfg = Release|Any CPU
		{16BD91B1-B658-4D32-95E7-57898F15E531}.Release|Any CPU.Build.0 = Release|Any CPU
		{17A3F80F-05F4-46D0-91F3-551D60B722B1}.Debug|Any CPU.ActiveCfg = Debug|Any CPU
		{17A3F80F-05F4-46D0-91F3-551D60B722B1}.Debug|Any CPU.Build.0 = Debug|Any CPU
		{17A3F80F-05F4-46D0-91F3-551D60B722B1}.Release|Any CPU.ActiveCfg = Release|Any CPU
		{17A3F80F-05F4-46D0-91F3-551D60B722B1}.Release|Any CPU.Build.0 = Release|Any CPU
	EndGlobalSection
	GlobalSection(SolutionProperties) = preSolution
		HideSolutionNode = FALSE
	EndGlobalSection
	GlobalSection(ExtensibilityGlobals) = postSolution
		SolutionGuid = {CACE0D4C-B144-4F0A-8B5C-B5EB0D8A8CC8}
	EndGlobalSection
EndGlobal
